
Microsoft Visual Studio Solution File, Format Version 12.00
# Visual Studio Version 16
VisualStudioVersion = 16.0.31729.503
MinimumVisualStudioVersion = 10.0.40219.1
Project("{FAE04EC0-301F-11D3-BF4B-00C04F79EFBC}") = "EntitySonKisim", "EntitySonKisim\EntitySonKisim.csproj", "{8EC43669-A10D-4543-97E2-F590304C923F}"
EndProject
Global
	GlobalSection(SolutionConfigurationPlatforms) = preSolution
		Debug|Any CPU = Debug|Any CPU
		Release|Any CPU = Release|Any CPU
	EndGlobalSection
	GlobalSection(ProjectConfigurationPlatforms) = postSolution
		{8EC43669-A10D-4543-97E2-F590304C923F}.Debug|Any CPU.ActiveCfg = Debug|Any CPU
		{8EC43669-A10D-4543-97E2-F590304C923F}.Debug|Any CPU.Build.0 = Debug|Any CPU
		{8EC43669-A10D-4543-97E2-F590304C923F}.Release|Any CPU.ActiveCfg = Release|Any CPU
		{8EC43669-A10D-4543-97E2-F590304C923F}.Release|Any CPU.Build.0 = Release|Any CPU
	EndGlobalSection
	GlobalSection(SolutionProperties) = preSolution
		HideSolutionNode = FALSE
	EndGlobalSection
	GlobalSection(ExtensibilityGlobals) = postSolution
		SolutionGuid = {D8168169-EDA9-4CC7-A677-9E2EE070212D}
	EndGlobalSection
EndGlobal
